// !$*UTF8*$!
{
	archiveVersion = 1;
	classes = {
	};
	objectVersion = 55;
	objects = {

/* Begin PBXBuildFile section */
		F40DEDEC28D1CB71001F4506 /* SectionHeaderView.swift in Sources */ = {isa = PBXBuildFile; fileRef = F40DEDEB28D1CB71001F4506 /* SectionHeaderView.swift */; };
		F46B2EED28CADFE600B0AB5D /* AppDelegate.swift in Sources */ = {isa = PBXBuildFile; fileRef = F46B2EEC28CADFE600B0AB5D /* AppDelegate.swift */; };
		F46B2EEF28CADFE600B0AB5D /* SceneDelegate.swift in Sources */ = {isa = PBXBuildFile; fileRef = F46B2EEE28CADFE600B0AB5D /* SceneDelegate.swift */; };
		F46B2EF128CADFE600B0AB5D /* MainViewController.swift in Sources */ = {isa = PBXBuildFile; fileRef = F46B2EF028CADFE600B0AB5D /* MainViewController.swift */; };
		F46B2EF428CADFE600B0AB5D /* Main.storyboard in Resources */ = {isa = PBXBuildFile; fileRef = F46B2EF228CADFE600B0AB5D /* Main.storyboard */; };
		F46B2EF628CADFE800B0AB5D /* Assets.xcassets in Resources */ = {isa = PBXBuildFile; fileRef = F46B2EF528CADFE800B0AB5D /* Assets.xcassets */; };
		F46B2EF928CADFE800B0AB5D /* LaunchScreen.storyboard in Resources */ = {isa = PBXBuildFile; fileRef = F46B2EF728CADFE800B0AB5D /* LaunchScreen.storyboard */; };
		F46B2F0D28CAE2D200B0AB5D /* BaseView.swift in Sources */ = {isa = PBXBuildFile; fileRef = F46B2F0C28CAE2D200B0AB5D /* BaseView.swift */; };
		F46B2F0F28CAE2DC00B0AB5D /* BaseViewController.swift in Sources */ = {isa = PBXBuildFile; fileRef = F46B2F0E28CAE2DC00B0AB5D /* BaseViewController.swift */; };
		F46B2F1428CAE32E00B0AB5D /* UIViewController.swift in Sources */ = {isa = PBXBuildFile; fileRef = F46B2F1328CAE32E00B0AB5D /* UIViewController.swift */; };
		F46B2F1628CAE33600B0AB5D /* NSObject.swift in Sources */ = {isa = PBXBuildFile; fileRef = F46B2F1528CAE33600B0AB5D /* NSObject.swift */; };
		F46B2F1928CAE3D600B0AB5D /* MainView.swift in Sources */ = {isa = PBXBuildFile; fileRef = F46B2F1828CAE3D600B0AB5D /* MainView.swift */; };
		F46B2F1E28CAE9E800B0AB5D /* PageCell.swift in Sources */ = {isa = PBXBuildFile; fileRef = F46B2F1D28CAE9E800B0AB5D /* PageCell.swift */; };
		F46B2F2028CAEA1900B0AB5D /* BaseCollectionIViewCell.swift in Sources */ = {isa = PBXBuildFile; fileRef = F46B2F1F28CAEA1900B0AB5D /* BaseCollectionIViewCell.swift */; };
		F46B2F2228CAFBAE00B0AB5D /* DetailViewController.swift in Sources */ = {isa = PBXBuildFile; fileRef = F46B2F2128CAFBAE00B0AB5D /* DetailViewController.swift */; };
		F46B2F2528CAFBD100B0AB5D /* DetailView.swift in Sources */ = {isa = PBXBuildFile; fileRef = F46B2F2428CAFBD100B0AB5D /* DetailView.swift */; };
		F46B2F2728CAFC7100B0AB5D /* DetailCell.swift in Sources */ = {isa = PBXBuildFile; fileRef = F46B2F2628CAFC7100B0AB5D /* DetailCell.swift */; };
		F46B2F2F28CB14C200B0AB5D /* TopicViewController.swift in Sources */ = {isa = PBXBuildFile; fileRef = F46B2F2E28CB14C200B0AB5D /* TopicViewController.swift */; };
		F46B2F3128CB14CC00B0AB5D /* TopicView.swift in Sources */ = {isa = PBXBuildFile; fileRef = F46B2F3028CB14CC00B0AB5D /* TopicView.swift */; };
		F46B2F3328CB167600B0AB5D /* TopicCell.swift in Sources */ = {isa = PBXBuildFile; fileRef = F46B2F3228CB167600B0AB5D /* TopicCell.swift */; };
		F478AB0928CF2EA9008D838A /* ListCell.swift in Sources */ = {isa = PBXBuildFile; fileRef = F478AB0828CF2EA9008D838A /* ListCell.swift */; };
		F478AB0B28CF3415008D838A /* ListView.swift in Sources */ = {isa = PBXBuildFile; fileRef = F478AB0A28CF3415008D838A /* ListView.swift */; };
		F478AB0E28CF38E9008D838A /* DailyTopicViewController.swift in Sources */ = {isa = PBXBuildFile; fileRef = F478AB0D28CF38E9008D838A /* DailyTopicViewController.swift */; };
		F478AB1028CF395B008D838A /* DailyTopicView.swift in Sources */ = {isa = PBXBuildFile; fileRef = F478AB0F28CF395B008D838A /* DailyTopicView.swift */; };
		F478AB1228CF3965008D838A /* DailyTopicCell.swift in Sources */ = {isa = PBXBuildFile; fileRef = F478AB1128CF3965008D838A /* DailyTopicCell.swift */; };
		F478AB1528CF3BE4008D838A /* WriteViewController.swift in Sources */ = {isa = PBXBuildFile; fileRef = F478AB1428CF3BE4008D838A /* WriteViewController.swift */; };
		F478AB1728CF3CA6008D838A /* WriteView.swift in Sources */ = {isa = PBXBuildFile; fileRef = F478AB1628CF3CA6008D838A /* WriteView.swift */; };
		F47B445728D053B3003837F2 /* PanelViewController.swift in Sources */ = {isa = PBXBuildFile; fileRef = F47B445628D053B3003837F2 /* PanelViewController.swift */; };
		F47B445928D053B9003837F2 /* PanelView.swift in Sources */ = {isa = PBXBuildFile; fileRef = F47B445828D053B9003837F2 /* PanelView.swift */; };
		F47B445B28D053D7003837F2 /* PanelCell.swift in Sources */ = {isa = PBXBuildFile; fileRef = F47B445A28D053D7003837F2 /* PanelCell.swift */; };
		F47B445D28D0757D003837F2 /* Item.swift in Sources */ = {isa = PBXBuildFile; fileRef = F47B445C28D0757D003837F2 /* Item.swift */; };
		F47B445F28D07584003837F2 /* Section.swift in Sources */ = {isa = PBXBuildFile; fileRef = F47B445E28D07584003837F2 /* Section.swift */; };
		F47B446128D07594003837F2 /* SectionHeaderReusableView.swift in Sources */ = {isa = PBXBuildFile; fileRef = F47B446028D07594003837F2 /* SectionHeaderReusableView.swift */; };
		F49F0A1A28D4A73900BC9EC6 /* DidSelectPanelViewController.swift in Sources */ = {isa = PBXBuildFile; fileRef = F49F0A1928D4A73900BC9EC6 /* DidSelectPanelViewController.swift */; };
		F4B85A8D28D0A4FF00311A29 /* SnapKit in Frameworks */ = {isa = PBXBuildFile; productRef = F4B85A8C28D0A4FF00311A29 /* SnapKit */; };
		F4E173C128CDB28F00D117E9 /* PageViewController.swift in Sources */ = {isa = PBXBuildFile; fileRef = F4E173C028CDB28F00D117E9 /* PageViewController.swift */; };
		F4E173C428CDB34D00D117E9 /* PageView.swift in Sources */ = {isa = PBXBuildFile; fileRef = F4E173C328CDB34D00D117E9 /* PageView.swift */; };
		F4E173C628CDC38D00D117E9 /* ListViewController.swift in Sources */ = {isa = PBXBuildFile; fileRef = F4E173C528CDC38D00D117E9 /* ListViewController.swift */; };
		F4E3358728D2E56F00BE64A7 /* FloatingPanel in Frameworks */ = {isa = PBXBuildFile; productRef = F4E3358628D2E56F00BE64A7 /* FloatingPanel */; };
		F4E3358928D2E6A500BE64A7 /* FloatingPanelLayout.swift in Sources */ = {isa = PBXBuildFile; fileRef = F4E3358828D2E6A500BE64A7 /* FloatingPanelLayout.swift */; };
		F4E3358E28D303E800BE64A7 /* CustomUIToolbar.swift in Sources */ = {isa = PBXBuildFile; fileRef = F4E3358D28D303E800BE64A7 /* CustomUIToolbar.swift */; };
		F4F8F34728D003AA00D47DE7 /* BaseCollectionView.swift in Sources */ = {isa = PBXBuildFile; fileRef = F4F8F34628D003AA00D47DE7 /* BaseCollectionView.swift */; };
		F4F8F34928D0044100D47DE7 /* CustomNavigationController.swift in Sources */ = {isa = PBXBuildFile; fileRef = F4F8F34828D0044100D47DE7 /* CustomNavigationController.swift */; };
/* End PBXBuildFile section */

/* Begin PBXFileReference section */
		F40DEDEB28D1CB71001F4506 /* SectionHeaderView.swift */ = {isa = PBXFileReference; lastKnownFileType = sourcecode.swift; path = SectionHeaderView.swift; sourceTree = "<group>"; };
		F46B2EE928CADFE600B0AB5D /* todotodo.app */ = {isa = PBXFileReference; explicitFileType = wrapper.application; includeInIndex = 0; path = todotodo.app; sourceTree = BUILT_PRODUCTS_DIR; };
		F46B2EEC28CADFE600B0AB5D /* AppDelegate.swift */ = {isa = PBXFileReference; lastKnownFileType = sourcecode.swift; path = AppDelegate.swift; sourceTree = "<group>"; };
		F46B2EEE28CADFE600B0AB5D /* SceneDelegate.swift */ = {isa = PBXFileReference; lastKnownFileType = sourcecode.swift; path = SceneDelegate.swift; sourceTree = "<group>"; };
		F46B2EF028CADFE600B0AB5D /* MainViewController.swift */ = {isa = PBXFileReference; lastKnownFileType = sourcecode.swift; path = MainViewController.swift; sourceTree = "<group>"; };
		F46B2EF328CADFE600B0AB5D /* Base */ = {isa = PBXFileReference; lastKnownFileType = file.storyboard; name = Base; path = Base.lproj/Main.storyboard; sourceTree = "<group>"; };
		F46B2EF528CADFE800B0AB5D /* Assets.xcassets */ = {isa = PBXFileReference; lastKnownFileType = folder.assetcatalog; path = Assets.xcassets; sourceTree = "<group>"; };
		F46B2EF828CADFE800B0AB5D /* Base */ = {isa = PBXFileReference; lastKnownFileType = file.storyboard; name = Base; path = Base.lproj/LaunchScreen.storyboard; sourceTree = "<group>"; };
		F46B2EFA28CADFE800B0AB5D /* Info.plist */ = {isa = PBXFileReference; lastKnownFileType = text.plist.xml; path = Info.plist; sourceTree = "<group>"; };
		F46B2F0C28CAE2D200B0AB5D /* BaseView.swift */ = {isa = PBXFileReference; lastKnownFileType = sourcecode.swift; path = BaseView.swift; sourceTree = "<group>"; };
		F46B2F0E28CAE2DC00B0AB5D /* BaseViewController.swift */ = {isa = PBXFileReference; lastKnownFileType = sourcecode.swift; path = BaseViewController.swift; sourceTree = "<group>"; };
		F46B2F1328CAE32E00B0AB5D /* UIViewController.swift */ = {isa = PBXFileReference; lastKnownFileType = sourcecode.swift; path = UIViewController.swift; sourceTree = "<group>"; };
		F46B2F1528CAE33600B0AB5D /* NSObject.swift */ = {isa = PBXFileReference; lastKnownFileType = sourcecode.swift; path = NSObject.swift; sourceTree = "<group>"; };
		F46B2F1828CAE3D600B0AB5D /* MainView.swift */ = {isa = PBXFileReference; lastKnownFileType = sourcecode.swift; path = MainView.swift; sourceTree = "<group>"; };
		F46B2F1D28CAE9E800B0AB5D /* PageCell.swift */ = {isa = PBXFileReference; lastKnownFileType = sourcecode.swift; path = PageCell.swift; sourceTree = "<group>"; };
		F46B2F1F28CAEA1900B0AB5D /* BaseCollectionIViewCell.swift */ = {isa = PBXFileReference; lastKnownFileType = sourcecode.swift; path = BaseCollectionIViewCell.swift; sourceTree = "<group>"; };
		F46B2F2128CAFBAE00B0AB5D /* DetailViewController.swift */ = {isa = PBXFileReference; lastKnownFileType = sourcecode.swift; path = DetailViewController.swift; sourceTree = "<group>"; };
		F46B2F2428CAFBD100B0AB5D /* DetailView.swift */ = {isa = PBXFileReference; lastKnownFileType = sourcecode.swift; path = DetailView.swift; sourceTree = "<group>"; };
		F46B2F2628CAFC7100B0AB5D /* DetailCell.swift */ = {isa = PBXFileReference; lastKnownFileType = sourcecode.swift; path = DetailCell.swift; sourceTree = "<group>"; };
		F46B2F2E28CB14C200B0AB5D /* TopicViewController.swift */ = {isa = PBXFileReference; lastKnownFileType = sourcecode.swift; path = TopicViewController.swift; sourceTree = "<group>"; };
		F46B2F3028CB14CC00B0AB5D /* TopicView.swift */ = {isa = PBXFileReference; lastKnownFileType = sourcecode.swift; path = TopicView.swift; sourceTree = "<group>"; };
		F46B2F3228CB167600B0AB5D /* TopicCell.swift */ = {isa = PBXFileReference; lastKnownFileType = sourcecode.swift; path = TopicCell.swift; sourceTree = "<group>"; };
		F478AB0828CF2EA9008D838A /* ListCell.swift */ = {isa = PBXFileReference; lastKnownFileType = sourcecode.swift; path = ListCell.swift; sourceTree = "<group>"; };
		F478AB0A28CF3415008D838A /* ListView.swift */ = {isa = PBXFileReference; lastKnownFileType = sourcecode.swift; path = ListView.swift; sourceTree = "<group>"; };
		F478AB0D28CF38E9008D838A /* DailyTopicViewController.swift */ = {isa = PBXFileReference; lastKnownFileType = sourcecode.swift; path = DailyTopicViewController.swift; sourceTree = "<group>"; };
		F478AB0F28CF395B008D838A /* DailyTopicView.swift */ = {isa = PBXFileReference; lastKnownFileType = sourcecode.swift; path = DailyTopicView.swift; sourceTree = "<group>"; };
		F478AB1128CF3965008D838A /* DailyTopicCell.swift */ = {isa = PBXFileReference; lastKnownFileType = sourcecode.swift; path = DailyTopicCell.swift; sourceTree = "<group>"; };
		F478AB1428CF3BE4008D838A /* WriteViewController.swift */ = {isa = PBXFileReference; lastKnownFileType = sourcecode.swift; path = WriteViewController.swift; sourceTree = "<group>"; };
		F478AB1628CF3CA6008D838A /* WriteView.swift */ = {isa = PBXFileReference; lastKnownFileType = sourcecode.swift; path = WriteView.swift; sourceTree = "<group>"; };
		F47B445628D053B3003837F2 /* PanelViewController.swift */ = {isa = PBXFileReference; lastKnownFileType = sourcecode.swift; path = PanelViewController.swift; sourceTree = "<group>"; };
		F47B445828D053B9003837F2 /* PanelView.swift */ = {isa = PBXFileReference; lastKnownFileType = sourcecode.swift; path = PanelView.swift; sourceTree = "<group>"; };
		F47B445A28D053D7003837F2 /* PanelCell.swift */ = {isa = PBXFileReference; lastKnownFileType = sourcecode.swift; path = PanelCell.swift; sourceTree = "<group>"; };
		F47B445C28D0757D003837F2 /* Item.swift */ = {isa = PBXFileReference; lastKnownFileType = sourcecode.swift; path = Item.swift; sourceTree = "<group>"; };
		F47B445E28D07584003837F2 /* Section.swift */ = {isa = PBXFileReference; lastKnownFileType = sourcecode.swift; path = Section.swift; sourceTree = "<group>"; };
		F47B446028D07594003837F2 /* SectionHeaderReusableView.swift */ = {isa = PBXFileReference; lastKnownFileType = sourcecode.swift; path = SectionHeaderReusableView.swift; sourceTree = "<group>"; };
		F49F0A1928D4A73900BC9EC6 /* DidSelectPanelViewController.swift */ = {isa = PBXFileReference; lastKnownFileType = sourcecode.swift; path = DidSelectPanelViewController.swift; sourceTree = "<group>"; };
		F4E173C028CDB28F00D117E9 /* PageViewController.swift */ = {isa = PBXFileReference; lastKnownFileType = sourcecode.swift; path = PageViewController.swift; sourceTree = "<group>"; };
		F4E173C328CDB34D00D117E9 /* PageView.swift */ = {isa = PBXFileReference; lastKnownFileType = sourcecode.swift; path = PageView.swift; sourceTree = "<group>"; };
		F4E173C528CDC38D00D117E9 /* ListViewController.swift */ = {isa = PBXFileReference; lastKnownFileType = sourcecode.swift; path = ListViewController.swift; sourceTree = "<group>"; };
		F4E3358828D2E6A500BE64A7 /* FloatingPanelLayout.swift */ = {isa = PBXFileReference; lastKnownFileType = sourcecode.swift; path = FloatingPanelLayout.swift; sourceTree = "<group>"; };
		F4E3358D28D303E800BE64A7 /* CustomUIToolbar.swift */ = {isa = PBXFileReference; lastKnownFileType = sourcecode.swift; path = CustomUIToolbar.swift; sourceTree = "<group>"; };
		F4F8F34628D003AA00D47DE7 /* BaseCollectionView.swift */ = {isa = PBXFileReference; lastKnownFileType = sourcecode.swift; path = BaseCollectionView.swift; sourceTree = "<group>"; };
		F4F8F34828D0044100D47DE7 /* CustomNavigationController.swift */ = {isa = PBXFileReference; lastKnownFileType = sourcecode.swift; path = CustomNavigationController.swift; sourceTree = "<group>"; };
/* End PBXFileReference section */

/* Begin PBXFrameworksBuildPhase section */
		F46B2EE628CADFE600B0AB5D /* Frameworks */ = {
			isa = PBXFrameworksBuildPhase;
			buildActionMask = 2147483647;
			files = (
				F4B85A8D28D0A4FF00311A29 /* SnapKit in Frameworks */,
				F4E3358728D2E56F00BE64A7 /* FloatingPanel in Frameworks */,
			);
			runOnlyForDeploymentPostprocessing = 0;
		};
/* End PBXFrameworksBuildPhase section */

/* Begin PBXGroup section */
		F46B2EE028CADFE500B0AB5D = {
			isa = PBXGroup;
			children = (
				F46B2EEB28CADFE600B0AB5D /* todotodo */,
				F46B2EEA28CADFE600B0AB5D /* Products */,
			);
			sourceTree = "<group>";
		};
		F46B2EEA28CADFE600B0AB5D /* Products */ = {
			isa = PBXGroup;
			children = (
				F46B2EE928CADFE600B0AB5D /* todotodo.app */,
			);
			name = Products;
			sourceTree = "<group>";
		};
		F46B2EEB28CADFE600B0AB5D /* todotodo */ = {
			isa = PBXGroup;
			children = (
				F46B2F0028CAE19C00B0AB5D /* Sources */,
				F46B2F0128CAE1A000B0AB5D /* Resources */,
				F46B2F0428CAE1A600B0AB5D /* Supportings */,
			);
			path = todotodo;
			sourceTree = "<group>";
		};
		F46B2F0028CAE19C00B0AB5D /* Sources */ = {
			isa = PBXGroup;
			children = (
				F478AB0428CEFFFF008D838A /* Model */,
				F46B2F0228CAE1A200B0AB5D /* Application */,
				F46B2F0328CAE1A400B0AB5D /* Scenes */,
				F46B2F0528CAE1A700B0AB5D /* Commons */,
			);
			path = Sources;
			sourceTree = "<group>";
		};
		F46B2F0128CAE1A000B0AB5D /* Resources */ = {
			isa = PBXGroup;
			children = (
				F46B2EF228CADFE600B0AB5D /* Main.storyboard */,
				F46B2EF528CADFE800B0AB5D /* Assets.xcassets */,
				F46B2EF728CADFE800B0AB5D /* LaunchScreen.storyboard */,
			);
			path = Resources;
			sourceTree = "<group>";
		};
		F46B2F0228CAE1A200B0AB5D /* Application */ = {
			isa = PBXGroup;
			children = (
				F46B2EEC28CADFE600B0AB5D /* AppDelegate.swift */,
				F46B2EEE28CADFE600B0AB5D /* SceneDelegate.swift */,
			);
			path = Application;
			sourceTree = "<group>";
		};
		F46B2F0328CAE1A400B0AB5D /* Scenes */ = {
			isa = PBXGroup;
			children = (
				F4E3358D28D303E800BE64A7 /* CustomUIToolbar.swift */,
				F46B2F3428CB184D00B0AB5D /* Main */,
				F46B2F0A28CAE1B500B0AB5D /* Detail */,
				F49F0A1828D4A72100BC9EC6 /* DidSelecPanel */,
				F47B445528D0539E003837F2 /* Panel */,
				F478AB1328CF3BBE008D838A /* Write */,
			);
			path = Scenes;
			sourceTree = "<group>";
		};
		F46B2F0428CAE1A600B0AB5D /* Supportings */ = {
			isa = PBXGroup;
			children = (
				F46B2EFA28CADFE800B0AB5D /* Info.plist */,
			);
			path = Supportings;
			sourceTree = "<group>";
		};
		F46B2F0528CAE1A700B0AB5D /* Commons */ = {
			isa = PBXGroup;
			children = (
				F46B2F0628CAE1A900B0AB5D /* Enum */,
				F46B2F0828CAE1B000B0AB5D /* CustomView */,
				F46B2F0928CAE1B300B0AB5D /* DataBase */,
				F46B2F1028CAE30B00B0AB5D /* Extensions */,
				F46B2F0728CAE1AB00B0AB5D /* Bases */,
			);
			path = Commons;
			sourceTree = "<group>";
		};
		F46B2F0628CAE1A900B0AB5D /* Enum */ = {
			isa = PBXGroup;
			children = (
			);
			path = Enum;
			sourceTree = "<group>";
		};
		F46B2F0728CAE1AB00B0AB5D /* Bases */ = {
			isa = PBXGroup;
			children = (
				F46B2F0C28CAE2D200B0AB5D /* BaseView.swift */,
				F46B2F0E28CAE2DC00B0AB5D /* BaseViewController.swift */,
				F4F8F34628D003AA00D47DE7 /* BaseCollectionView.swift */,
				F46B2F1F28CAEA1900B0AB5D /* BaseCollectionIViewCell.swift */,
			);
			name = Bases;
			path = ..;
			sourceTree = "<group>";
		};
		F46B2F0828CAE1B000B0AB5D /* CustomView */ = {
			isa = PBXGroup;
			children = (
				F4F8F34828D0044100D47DE7 /* CustomNavigationController.swift */,
			);
			path = CustomView;
			sourceTree = "<group>";
		};
		F46B2F0928CAE1B300B0AB5D /* DataBase */ = {
			isa = PBXGroup;
			children = (
			);
			path = DataBase;
			sourceTree = "<group>";
		};
		F46B2F0A28CAE1B500B0AB5D /* Detail */ = {
			isa = PBXGroup;
			children = (
				F46B2F2128CAFBAE00B0AB5D /* DetailViewController.swift */,
				F46B2F2428CAFBD100B0AB5D /* DetailView.swift */,
				F46B2F2628CAFC7100B0AB5D /* DetailCell.swift */,
				F478AB0C28CF37A9008D838A /* DailyTopicViewController */,
				F46B2F0B28CAE1B700B0AB5D /* ListContainerView */,
			);
			path = Detail;
			sourceTree = "<group>";
		};
		F46B2F0B28CAE1B700B0AB5D /* ListContainerView */ = {
			isa = PBXGroup;
			children = (
				F4E173C528CDC38D00D117E9 /* ListViewController.swift */,
				F478AB0A28CF3415008D838A /* ListView.swift */,
				F478AB0828CF2EA9008D838A /* ListCell.swift */,
			);
			path = ListContainerView;
			sourceTree = "<group>";
		};
		F46B2F1028CAE30B00B0AB5D /* Extensions */ = {
			isa = PBXGroup;
			children = (
				F46B2F1128CAE31800B0AB5D /* Foundation */,
				F46B2F1228CAE32000B0AB5D /* UIKit */,
			);
			path = Extensions;
			sourceTree = "<group>";
		};
		F46B2F1128CAE31800B0AB5D /* Foundation */ = {
			isa = PBXGroup;
			children = (
				F46B2F1528CAE33600B0AB5D /* NSObject.swift */,
			);
			name = Foundation;
			sourceTree = "<group>";
		};
		F46B2F1228CAE32000B0AB5D /* UIKit */ = {
			isa = PBXGroup;
			children = (
				F46B2F1328CAE32E00B0AB5D /* UIViewController.swift */,
			);
			name = UIKit;
			sourceTree = "<group>";
		};
		F46B2F3428CB184D00B0AB5D /* Main */ = {
			isa = PBXGroup;
			children = (
				F46B2EF028CADFE600B0AB5D /* MainViewController.swift */,
				F46B2F1828CAE3D600B0AB5D /* MainView.swift */,
				F4E3358828D2E6A500BE64A7 /* FloatingPanelLayout.swift */,
				F46B2F3528CB185200B0AB5D /* TopicContainerView */,
				F4E173BF28CDB28400D117E9 /* PageContainerView */,
			);
			path = Main;
			sourceTree = "<group>";
		};
		F46B2F3528CB185200B0AB5D /* TopicContainerView */ = {
			isa = PBXGroup;
			children = (
				F46B2F2E28CB14C200B0AB5D /* TopicViewController.swift */,
				F46B2F3028CB14CC00B0AB5D /* TopicView.swift */,
				F46B2F3228CB167600B0AB5D /* TopicCell.swift */,
			);
			path = TopicContainerView;
			sourceTree = "<group>";
		};
		F478AB0428CEFFFF008D838A /* Model */ = {
			isa = PBXGroup;
			children = (
			);
			path = Model;
			sourceTree = "<group>";
		};
		F478AB0C28CF37A9008D838A /* DailyTopicViewController */ = {
			isa = PBXGroup;
			children = (
				F478AB0D28CF38E9008D838A /* DailyTopicViewController.swift */,
				F478AB0F28CF395B008D838A /* DailyTopicView.swift */,
				F478AB1128CF3965008D838A /* DailyTopicCell.swift */,
			);
			path = DailyTopicViewController;
			sourceTree = "<group>";
		};
		F478AB1328CF3BBE008D838A /* Write */ = {
			isa = PBXGroup;
			children = (
				F478AB1428CF3BE4008D838A /* WriteViewController.swift */,
				F478AB1628CF3CA6008D838A /* WriteView.swift */,
			);
			path = Write;
			sourceTree = "<group>";
		};
		F47B445528D0539E003837F2 /* Panel */ = {
			isa = PBXGroup;
			children = (
				F47B445628D053B3003837F2 /* PanelViewController.swift */,
				F47B445828D053B9003837F2 /* PanelView.swift */,
				F47B445A28D053D7003837F2 /* PanelCell.swift */,
				F47B445C28D0757D003837F2 /* Item.swift */,
				F47B445E28D07584003837F2 /* Section.swift */,
				F47B446028D07594003837F2 /* SectionHeaderReusableView.swift */,
			);
			path = Panel;
			sourceTree = "<group>";
		};
		F49F0A1828D4A72100BC9EC6 /* DidSelecPanel */ = {
			isa = PBXGroup;
			children = (
				F49F0A1928D4A73900BC9EC6 /* DidSelectPanelViewController.swift */,
			);
			path = DidSelecPanel;
			sourceTree = "<group>";
		};
		F4E173BF28CDB28400D117E9 /* PageContainerView */ = {
			isa = PBXGroup;
			children = (
				F4E173C028CDB28F00D117E9 /* PageViewController.swift */,
				F4E173C328CDB34D00D117E9 /* PageView.swift */,
				F46B2F1D28CAE9E800B0AB5D /* PageCell.swift */,
				F40DEDEB28D1CB71001F4506 /* SectionHeaderView.swift */,
			);
			path = PageContainerView;
			sourceTree = "<group>";
		};
/* End PBXGroup section */

/* Begin PBXNativeTarget section */
		F46B2EE828CADFE600B0AB5D /* todotodo */ = {
			isa = PBXNativeTarget;
			buildConfigurationList = F46B2EFD28CADFE800B0AB5D /* Build configuration list for PBXNativeTarget "todotodo" */;
			buildPhases = (
				F46B2EE528CADFE600B0AB5D /* Sources */,
				F46B2EE628CADFE600B0AB5D /* Frameworks */,
				F46B2EE728CADFE600B0AB5D /* Resources */,
			);
			buildRules = (
			);
			dependencies = (
			);
			name = todotodo;
			packageProductDependencies = (
				F4B85A8C28D0A4FF00311A29 /* SnapKit */,
				F4E3358628D2E56F00BE64A7 /* FloatingPanel */,
			);
			productName = todotodo;
			productReference = F46B2EE928CADFE600B0AB5D /* todotodo.app */;
			productType = "com.apple.product-type.application";
		};
/* End PBXNativeTarget section */

/* Begin PBXProject section */
		F46B2EE128CADFE500B0AB5D /* Project object */ = {
			isa = PBXProject;
			attributes = {
				BuildIndependentTargetsInParallel = 1;
				LastSwiftUpdateCheck = 1340;
				LastUpgradeCheck = 1340;
				TargetAttributes = {
					F46B2EE828CADFE600B0AB5D = {
						CreatedOnToolsVersion = 13.4.1;
					};
				};
			};
			buildConfigurationList = F46B2EE428CADFE500B0AB5D /* Build configuration list for PBXProject "todotodo" */;
			compatibilityVersion = "Xcode 13.0";
			developmentRegion = en;
			hasScannedForEncodings = 0;
			knownRegions = (
				en,
				Base,
			);
			mainGroup = F46B2EE028CADFE500B0AB5D;
			packageReferences = (
				F4B85A8B28D0A4FF00311A29 /* XCRemoteSwiftPackageReference "SnapKit" */,
				F4E3358528D2E56F00BE64A7 /* XCRemoteSwiftPackageReference "FloatingPanel" */,
			);
			productRefGroup = F46B2EEA28CADFE600B0AB5D /* Products */;
			projectDirPath = "";
			projectRoot = "";
			targets = (
				F46B2EE828CADFE600B0AB5D /* todotodo */,
			);
		};
/* End PBXProject section */

/* Begin PBXResourcesBuildPhase section */
		F46B2EE728CADFE600B0AB5D /* Resources */ = {
			isa = PBXResourcesBuildPhase;
			buildActionMask = 2147483647;
			files = (
				F46B2EF928CADFE800B0AB5D /* LaunchScreen.storyboard in Resources */,
				F46B2EF628CADFE800B0AB5D /* Assets.xcassets in Resources */,
				F46B2EF428CADFE600B0AB5D /* Main.storyboard in Resources */,
			);
			runOnlyForDeploymentPostprocessing = 0;
		};
/* End PBXResourcesBuildPhase section */

/* Begin PBXSourcesBuildPhase section */
		F46B2EE528CADFE600B0AB5D /* Sources */ = {
			isa = PBXSourcesBuildPhase;
			buildActionMask = 2147483647;
			files = (
				F46B2F2228CAFBAE00B0AB5D /* DetailViewController.swift in Sources */,
				F478AB1228CF3965008D838A /* DailyTopicCell.swift in Sources */,
				F46B2F2528CAFBD100B0AB5D /* DetailView.swift in Sources */,
				F47B445D28D0757D003837F2 /* Item.swift in Sources */,
				F46B2F2728CAFC7100B0AB5D /* DetailCell.swift in Sources */,
				F478AB0E28CF38E9008D838A /* DailyTopicViewController.swift in Sources */,
				F478AB0928CF2EA9008D838A /* ListCell.swift in Sources */,
				F46B2F0F28CAE2DC00B0AB5D /* BaseViewController.swift in Sources */,
				F46B2F1928CAE3D600B0AB5D /* MainView.swift in Sources */,
				F46B2EF128CADFE600B0AB5D /* MainViewController.swift in Sources */,
				F4E3358928D2E6A500BE64A7 /* FloatingPanelLayout.swift in Sources */,
				F478AB0B28CF3415008D838A /* ListView.swift in Sources */,
				F478AB1728CF3CA6008D838A /* WriteView.swift in Sources */,
				F46B2F2F28CB14C200B0AB5D /* TopicViewController.swift in Sources */,
				F4E173C428CDB34D00D117E9 /* PageView.swift in Sources */,
				F478AB1028CF395B008D838A /* DailyTopicView.swift in Sources */,
				F4E173C628CDC38D00D117E9 /* ListViewController.swift in Sources */,
				F47B445F28D07584003837F2 /* Section.swift in Sources */,
				F46B2F1428CAE32E00B0AB5D /* UIViewController.swift in Sources */,
				F4E173C128CDB28F00D117E9 /* PageViewController.swift in Sources */,
				F46B2F1628CAE33600B0AB5D /* NSObject.swift in Sources */,
				F478AB1528CF3BE4008D838A /* WriteViewController.swift in Sources */,
				F47B445928D053B9003837F2 /* PanelView.swift in Sources */,
				F46B2F3328CB167600B0AB5D /* TopicCell.swift in Sources */,
				F4F8F34728D003AA00D47DE7 /* BaseCollectionView.swift in Sources */,
				F4F8F34928D0044100D47DE7 /* CustomNavigationController.swift in Sources */,
				F46B2F2028CAEA1900B0AB5D /* BaseCollectionIViewCell.swift in Sources */,
				F46B2EED28CADFE600B0AB5D /* AppDelegate.swift in Sources */,
				F47B445B28D053D7003837F2 /* PanelCell.swift in Sources */,
				F46B2EEF28CADFE600B0AB5D /* SceneDelegate.swift in Sources */,
				F46B2F0D28CAE2D200B0AB5D /* BaseView.swift in Sources */,
				F47B446128D07594003837F2 /* SectionHeaderReusableView.swift in Sources */,
				F46B2F1E28CAE9E800B0AB5D /* PageCell.swift in Sources */,
				F40DEDEC28D1CB71001F4506 /* SectionHeaderView.swift in Sources */,
				F4E3358E28D303E800BE64A7 /* CustomUIToolbar.swift in Sources */,
				F46B2F3128CB14CC00B0AB5D /* TopicView.swift in Sources */,
				F47B445728D053B3003837F2 /* PanelViewController.swift in Sources */,
				F49F0A1A28D4A73900BC9EC6 /* DidSelectPanelViewController.swift in Sources */,
			);
			runOnlyForDeploymentPostprocessing = 0;
		};
/* End PBXSourcesBuildPhase section */

/* Begin PBXVariantGroup section */
		F46B2EF228CADFE600B0AB5D /* Main.storyboard */ = {
			isa = PBXVariantGroup;
			children = (
				F46B2EF328CADFE600B0AB5D /* Base */,
			);
			name = Main.storyboard;
			sourceTree = "<group>";
		};
		F46B2EF728CADFE800B0AB5D /* LaunchScreen.storyboard */ = {
			isa = PBXVariantGroup;
			children = (
				F46B2EF828CADFE800B0AB5D /* Base */,
			);
			name = LaunchScreen.storyboard;
			sourceTree = "<group>";
		};
/* End PBXVariantGroup section */

/* Begin XCBuildConfiguration section */
		F46B2EFB28CADFE800B0AB5D /* Debug */ = {
			isa = XCBuildConfiguration;
			buildSettings = {
				ALWAYS_SEARCH_USER_PATHS = NO;
				CLANG_ANALYZER_NONNULL = YES;
				CLANG_ANALYZER_NUMBER_OBJECT_CONVERSION = YES_AGGRESSIVE;
				CLANG_CXX_LANGUAGE_STANDARD = "gnu++17";
				CLANG_ENABLE_MODULES = YES;
				CLANG_ENABLE_OBJC_ARC = YES;
				CLANG_ENABLE_OBJC_WEAK = YES;
				CLANG_WARN_BLOCK_CAPTURE_AUTORELEASING = YES;
				CLANG_WARN_BOOL_CONVERSION = YES;
				CLANG_WARN_COMMA = YES;
				CLANG_WARN_CONSTANT_CONVERSION = YES;
				CLANG_WARN_DEPRECATED_OBJC_IMPLEMENTATIONS = YES;
				CLANG_WARN_DIRECT_OBJC_ISA_USAGE = YES_ERROR;
				CLANG_WARN_DOCUMENTATION_COMMENTS = YES;
				CLANG_WARN_EMPTY_BODY = YES;
				CLANG_WARN_ENUM_CONVERSION = YES;
				CLANG_WARN_INFINITE_RECURSION = YES;
				CLANG_WARN_INT_CONVERSION = YES;
				CLANG_WARN_NON_LITERAL_NULL_CONVERSION = YES;
				CLANG_WARN_OBJC_IMPLICIT_RETAIN_SELF = YES;
				CLANG_WARN_OBJC_LITERAL_CONVERSION = YES;
				CLANG_WARN_OBJC_ROOT_CLASS = YES_ERROR;
				CLANG_WARN_QUOTED_INCLUDE_IN_FRAMEWORK_HEADER = YES;
				CLANG_WARN_RANGE_LOOP_ANALYSIS = YES;
				CLANG_WARN_STRICT_PROTOTYPES = YES;
				CLANG_WARN_SUSPICIOUS_MOVE = YES;
				CLANG_WARN_UNGUARDED_AVAILABILITY = YES_AGGRESSIVE;
				CLANG_WARN_UNREACHABLE_CODE = YES;
				CLANG_WARN__DUPLICATE_METHOD_MATCH = YES;
				COPY_PHASE_STRIP = NO;
				DEBUG_INFORMATION_FORMAT = dwarf;
				ENABLE_STRICT_OBJC_MSGSEND = YES;
				ENABLE_TESTABILITY = YES;
				GCC_C_LANGUAGE_STANDARD = gnu11;
				GCC_DYNAMIC_NO_PIC = NO;
				GCC_NO_COMMON_BLOCKS = YES;
				GCC_OPTIMIZATION_LEVEL = 0;
				GCC_PREPROCESSOR_DEFINITIONS = (
					"DEBUG=1",
					"$(inherited)",
				);
				GCC_WARN_64_TO_32_BIT_CONVERSION = YES;
				GCC_WARN_ABOUT_RETURN_TYPE = YES_ERROR;
				GCC_WARN_UNDECLARED_SELECTOR = YES;
				GCC_WARN_UNINITIALIZED_AUTOS = YES_AGGRESSIVE;
				GCC_WARN_UNUSED_FUNCTION = YES;
				GCC_WARN_UNUSED_VARIABLE = YES;
				IPHONEOS_DEPLOYMENT_TARGET = 15.5;
				MTL_ENABLE_DEBUG_INFO = INCLUDE_SOURCE;
				MTL_FAST_MATH = YES;
				ONLY_ACTIVE_ARCH = YES;
				SDKROOT = iphoneos;
				SWIFT_ACTIVE_COMPILATION_CONDITIONS = DEBUG;
				SWIFT_OPTIMIZATION_LEVEL = "-Onone";
			};
			name = Debug;
		};
		F46B2EFC28CADFE800B0AB5D /* Release */ = {
			isa = XCBuildConfiguration;
			buildSettings = {
				ALWAYS_SEARCH_USER_PATHS = NO;
				CLANG_ANALYZER_NONNULL = YES;
				CLANG_ANALYZER_NUMBER_OBJECT_CONVERSION = YES_AGGRESSIVE;
				CLANG_CXX_LANGUAGE_STANDARD = "gnu++17";
				CLANG_ENABLE_MODULES = YES;
				CLANG_ENABLE_OBJC_ARC = YES;
				CLANG_ENABLE_OBJC_WEAK = YES;
				CLANG_WARN_BLOCK_CAPTURE_AUTORELEASING = YES;
				CLANG_WARN_BOOL_CONVERSION = YES;
				CLANG_WARN_COMMA = YES;
				CLANG_WARN_CONSTANT_CONVERSION = YES;
				CLANG_WARN_DEPRECATED_OBJC_IMPLEMENTATIONS = YES;
				CLANG_WARN_DIRECT_OBJC_ISA_USAGE = YES_ERROR;
				CLANG_WARN_DOCUMENTATION_COMMENTS = YES;
				CLANG_WARN_EMPTY_BODY = YES;
				CLANG_WARN_ENUM_CONVERSION = YES;
				CLANG_WARN_INFINITE_RECURSION = YES;
				CLANG_WARN_INT_CONVERSION = YES;
				CLANG_WARN_NON_LITERAL_NULL_CONVERSION = YES;
				CLANG_WARN_OBJC_IMPLICIT_RETAIN_SELF = YES;
				CLANG_WARN_OBJC_LITERAL_CONVERSION = YES;
				CLANG_WARN_OBJC_ROOT_CLASS = YES_ERROR;
				CLANG_WARN_QUOTED_INCLUDE_IN_FRAMEWORK_HEADER = YES;
				CLANG_WARN_RANGE_LOOP_ANALYSIS = YES;
				CLANG_WARN_STRICT_PROTOTYPES = YES;
				CLANG_WARN_SUSPICIOUS_MOVE = YES;
				CLANG_WARN_UNGUARDED_AVAILABILITY = YES_AGGRESSIVE;
				CLANG_WARN_UNREACHABLE_CODE = YES;
				CLANG_WARN__DUPLICATE_METHOD_MATCH = YES;
				COPY_PHASE_STRIP = NO;
				DEBUG_INFORMATION_FORMAT = "dwarf-with-dsym";
				ENABLE_NS_ASSERTIONS = NO;
				ENABLE_STRICT_OBJC_MSGSEND = YES;
				GCC_C_LANGUAGE_STANDARD = gnu11;
				GCC_NO_COMMON_BLOCKS = YES;
				GCC_WARN_64_TO_32_BIT_CONVERSION = YES;
				GCC_WARN_ABOUT_RETURN_TYPE = YES_ERROR;
				GCC_WARN_UNDECLARED_SELECTOR = YES;
				GCC_WARN_UNINITIALIZED_AUTOS = YES_AGGRESSIVE;
				GCC_WARN_UNUSED_FUNCTION = YES;
				GCC_WARN_UNUSED_VARIABLE = YES;
				IPHONEOS_DEPLOYMENT_TARGET = 15.5;
				MTL_ENABLE_DEBUG_INFO = NO;
				MTL_FAST_MATH = YES;
				SDKROOT = iphoneos;
				SWIFT_COMPILATION_MODE = wholemodule;
				SWIFT_OPTIMIZATION_LEVEL = "-O";
				VALIDATE_PRODUCT = YES;
			};
			name = Release;
		};
		F46B2EFE28CADFE800B0AB5D /* Debug */ = {
			isa = XCBuildConfiguration;
			buildSettings = {
				ASSETCATALOG_COMPILER_APPICON_NAME = AppIcon;
				ASSETCATALOG_COMPILER_GLOBAL_ACCENT_COLOR_NAME = AccentColor;
				CODE_SIGN_STYLE = Automatic;
				CURRENT_PROJECT_VERSION = 1;
				DEVELOPMENT_TEAM = M526U856M5;
				GENERATE_INFOPLIST_FILE = YES;
				INFOPLIST_FILE = todotodo/Supportings/Info.plist;
				INFOPLIST_KEY_UIApplicationSupportsIndirectInputEvents = YES;
				INFOPLIST_KEY_UILaunchStoryboardName = LaunchScreen;
				INFOPLIST_KEY_UIMainStoryboardFile = Main;
				INFOPLIST_KEY_UISupportedInterfaceOrientations_iPad = "UIInterfaceOrientationPortrait UIInterfaceOrientationPortraitUpsideDown UIInterfaceOrientationLandscapeLeft UIInterfaceOrientationLandscapeRight";
				INFOPLIST_KEY_UISupportedInterfaceOrientations_iPhone = "UIInterfaceOrientationPortrait UIInterfaceOrientationLandscapeLeft UIInterfaceOrientationLandscapeRight";
				LD_RUNPATH_SEARCH_PATHS = (
					"$(inherited)",
					"@executable_path/Frameworks",
				);
				MARKETING_VERSION = 1.0;
				PRODUCT_BUNDLE_IDENTIFIER = com.haha1haka.todotodo;
				PRODUCT_NAME = "$(TARGET_NAME)";
				SWIFT_EMIT_LOC_STRINGS = YES;
				SWIFT_VERSION = 5.0;
				TARGETED_DEVICE_FAMILY = 1;
			};
			name = Debug;
		};
		F46B2EFF28CADFE800B0AB5D /* Release */ = {
			isa = XCBuildConfiguration;
			buildSettings = {
				ASSETCATALOG_COMPILER_APPICON_NAME = AppIcon;
				ASSETCATALOG_COMPILER_GLOBAL_ACCENT_COLOR_NAME = AccentColor;
				CODE_SIGN_STYLE = Automatic;
				CURRENT_PROJECT_VERSION = 1;
				DEVELOPMENT_TEAM = M526U856M5;
				GENERATE_INFOPLIST_FILE = YES;
				INFOPLIST_FILE = todotodo/Supportings/Info.plist;
				INFOPLIST_KEY_UIApplicationSupportsIndirectInputEvents = YES;
				INFOPLIST_KEY_UILaunchStoryboardName = LaunchScreen;
				INFOPLIST_KEY_UIMainStoryboardFile = Main;
				INFOPLIST_KEY_UISupportedInterfaceOrientations_iPad = "UIInterfaceOrientationPortrait UIInterfaceOrientationPortraitUpsideDown UIInterfaceOrientationLandscapeLeft UIInterfaceOrientationLandscapeRight";
				INFOPLIST_KEY_UISupportedInterfaceOrientations_iPhone = "UIInterfaceOrientationPortrait UIInterfaceOrientationLandscapeLeft UIInterfaceOrientationLandscapeRight";
				LD_RUNPATH_SEARCH_PATHS = (
					"$(inherited)",
					"@executable_path/Frameworks",
				);
				MARKETING_VERSION = 1.0;
				PRODUCT_BUNDLE_IDENTIFIER = com.haha1haka.todotodo;
				PRODUCT_NAME = "$(TARGET_NAME)";
				SWIFT_EMIT_LOC_STRINGS = YES;
				SWIFT_VERSION = 5.0;
				TARGETED_DEVICE_FAMILY = 1;
			};
			name = Release;
		};
/* End XCBuildConfiguration section */

/* Begin XCConfigurationList section */
		F46B2EE428CADFE500B0AB5D /* Build configuration list for PBXProject "todotodo" */ = {
			isa = XCConfigurationList;
			buildConfigurations = (
				F46B2EFB28CADFE800B0AB5D /* Debug */,
				F46B2EFC28CADFE800B0AB5D /* Release */,
			);
			defaultConfigurationIsVisible = 0;
			defaultConfigurationName = Release;
		};
		F46B2EFD28CADFE800B0AB5D /* Build configuration list for PBXNativeTarget "todotodo" */ = {
			isa = XCConfigurationList;
			buildConfigurations = (
				F46B2EFE28CADFE800B0AB5D /* Debug */,
				F46B2EFF28CADFE800B0AB5D /* Release */,
			);
			defaultConfigurationIsVisible = 0;
			defaultConfigurationName = Release;
		};
/* End XCConfigurationList section */

/* Begin XCRemoteSwiftPackageReference section */
		F4B85A8B28D0A4FF00311A29 /* XCRemoteSwiftPackageReference "SnapKit" */ = {
			isa = XCRemoteSwiftPackageReference;
			repositoryURL = "https://github.com/SnapKit/SnapKit";
			requirement = {
				kind = upToNextMajorVersion;
				minimumVersion = 5.0.0;
			};
		};
		F4E3358528D2E56F00BE64A7 /* XCRemoteSwiftPackageReference "FloatingPanel" */ = {
			isa = XCRemoteSwiftPackageReference;
			repositoryURL = "https://github.com/scenee/FloatingPanel.git";
			requirement = {
				kind = upToNextMajorVersion;
				minimumVersion = 2.0.0;
			};
		};
/* End XCRemoteSwiftPackageReference section */

/* Begin XCSwiftPackageProductDependency section */
		F4B85A8C28D0A4FF00311A29 /* SnapKit */ = {
			isa = XCSwiftPackageProductDependency;
			package = F4B85A8B28D0A4FF00311A29 /* XCRemoteSwiftPackageReference "SnapKit" */;
			productName = SnapKit;
		};
		F4E3358628D2E56F00BE64A7 /* FloatingPanel */ = {
			isa = XCSwiftPackageProductDependency;
			package = F4E3358528D2E56F00BE64A7 /* XCRemoteSwiftPackageReference "FloatingPanel" */;
			productName = FloatingPanel;
		};
/* End XCSwiftPackageProductDependency section */
	};
	rootObject = F46B2EE128CADFE500B0AB5D /* Project object */;
}
